
Microsoft Visual Studio Solution File, Format Version 12.00
# Visual Studio 15
VisualStudioVersion = 15.0.26403.0
MinimumVisualStudioVersion = 10.0.40219.1
Project("{FAE04EC0-301F-11D3-BF4B-00C04F79EFBC}") = "AgentDotNet", "AgentDotNet\AgentDotNet.csproj", "{1D8D665F-A277-449C-B6FB-02AEEA1CFFDB}"
EndProject
Project("{FAE04EC0-301F-11D3-BF4B-00C04F79EFBC}") = "AgentDotNet.Examples.BookBuyer", "..\AgentDotNet.Examples.BookBuyer\AgentDotNet.Examples.BookBuyer.csproj", "{535A073F-11BF-47CC-A346-BD7DCBF7E717}"
EndProject
Global
	GlobalSection(SolutionConfigurationPlatforms) = preSolution
		Debug|Any CPU = Debug|Any CPU
		Release|Any CPU = Release|Any CPU
	EndGlobalSection
	GlobalSection(ProjectConfigurationPlatforms) = postSolution
		{1D8D665F-A277-449C-B6FB-02AEEA1CFFDB}.Debug|Any CPU.ActiveCfg = Debug|Any CPU
		{1D8D665F-A277-449C-B6FB-02AEEA1CFFDB}.Debug|Any CPU.Build.0 = Debug|Any CPU
		{1D8D665F-A277-449C-B6FB-02AEEA1CFFDB}.Release|Any CPU.ActiveCfg = Release|Any CPU
		{1D8D665F-A277-449C-B6FB-02AEEA1CFFDB}.Release|Any CPU.Build.0 = Release|Any CPU
		{535A073F-11BF-47CC-A346-BD7DCBF7E717}.Debug|Any CPU.ActiveCfg = Debug|Any CPU
		{535A073F-11BF-47CC-A346-BD7DCBF7E717}.Debug|Any CPU.Build.0 = Debug|Any CPU
		{535A073F-11BF-47CC-A346-BD7DCBF7E717}.Release|Any CPU.ActiveCfg = Release|Any CPU
		{535A073F-11BF-47CC-A346-BD7DCBF7E717}.Release|Any CPU.Build.0 = Release|Any CPU
	EndGlobalSection
	GlobalSection(SolutionProperties) = preSolution
		HideSolutionNode = FALSE
	EndGlobalSection
EndGlobal
